
Microsoft Visual Studio Solution File, Format Version 12.00
# Visual Studio Version 16
VisualStudioVersion = 16.0.30907.101
MinimumVisualStudioVersion = 10.0.40219.1
Project("{FAE04EC0-301F-11D3-BF4B-00C04F79EFBC}") = "DecideDesktop", "DecideDesktop\DecideDesktop.csproj", "{F88DC40C-EF0D-4593-8DFD-A9BB82686CF0}"
EndProject
Global
	GlobalSection(SolutionConfigurationPlatforms) = preSolution
		Debug|Any CPU = Debug|Any CPU
		Release|Any CPU = Release|Any CPU
	EndGlobalSection
	GlobalSection(ProjectConfigurationPlatforms) = postSolution
		{F88DC40C-EF0D-4593-8DFD-A9BB82686CF0}.Debug|Any CPU.ActiveCfg = Debug|Any CPU
		{F88DC40C-EF0D-4593-8DFD-A9BB82686CF0}.Debug|Any CPU.Build.0 = Debug|Any CPU
		{F88DC40C-EF0D-4593-8DFD-A9BB82686CF0}.Release|Any CPU.ActiveCfg = Release|Any CPU
		{F88DC40C-EF0D-4593-8DFD-A9BB82686CF0}.Release|Any CPU.Build.0 = Release|Any CPU
	EndGlobalSection
	GlobalSection(SolutionProperties) = preSolution
		HideSolutionNode = FALSE
	EndGlobalSection
	GlobalSection(ExtensibilityGlobals) = postSolution
		SolutionGuid = {B3A67786-E921-4F4B-99F0-66CA683DE516}
	EndGlobalSection
EndGlobal
